// !$*UTF8*$!
{
	archiveVersion = 1;
	classes = {
	};
	objectVersion = 50;
	objects = {

/* Begin PBXBuildFile section */
		4EA581FF2580F88D0040701E /* AppDelegate.swift in Sources */ = {isa = PBXBuildFile; fileRef = 4EA581FE2580F88D0040701E /* AppDelegate.swift */; };
		4EA582012580F88D0040701E /* SceneDelegate.swift in Sources */ = {isa = PBXBuildFile; fileRef = 4EA582002580F88D0040701E /* SceneDelegate.swift */; };
		4EA582032580F88D0040701E /* ViewController.swift in Sources */ = {isa = PBXBuildFile; fileRef = 4EA582022580F88D0040701E /* ViewController.swift */; };
		4EA582062580F88D0040701E /* Main.storyboard in Resources */ = {isa = PBXBuildFile; fileRef = 4EA582042580F88D0040701E /* Main.storyboard */; };
		4EA582082580F8940040701E /* Assets.xcassets in Resources */ = {isa = PBXBuildFile; fileRef = 4EA582072580F8940040701E /* Assets.xcassets */; };
		4EA5820B2580F8940040701E /* LaunchScreen.storyboard in Resources */ = {isa = PBXBuildFile; fileRef = 4EA582092580F8940040701E /* LaunchScreen.storyboard */; };
		4EA582162580F8940040701E /* SimpleCalculatorTests.swift in Sources */ = {isa = PBXBuildFile; fileRef = 4EA582152580F8940040701E /* SimpleCalculatorTests.swift */; };
		4EA582212580F8950040701E /* SimpleCalculatorUITests.swift in Sources */ = {isa = PBXBuildFile; fileRef = 4EA582202580F8950040701E /* SimpleCalculatorUITests.swift */; };
		4EE273EF2599EF0D0056C3B3 /* calculatorBrain.swift in Sources */ = {isa = PBXBuildFile; fileRef = 4EE273EE2599EF0D0056C3B3 /* calculatorBrain.swift */; };
/* End PBXBuildFile section */

/* Begin PBXContainerItemProxy section */
		4EA582122580F8940040701E /* PBXContainerItemProxy */ = {
			isa = PBXContainerItemProxy;
			containerPortal = 4EA581F32580F88D0040701E /* Project object */;
			proxyType = 1;
			remoteGlobalIDString = 4EA581FA2580F88D0040701E;
			remoteInfo = SimpleCalculator;
		};
		4EA5821D2580F8940040701E /* PBXContainerItemProxy */ = {
			isa = PBXContainerItemProxy;
			containerPortal = 4EA581F32580F88D0040701E /* Project object */;
			proxyType = 1;
			remoteGlobalIDString = 4EA581FA2580F88D0040701E;
			remoteInfo = SimpleCalculator;
		};
/* End PBXContainerItemProxy section */

/* Begin PBXFileReference section */
		4EA581FB2580F88D0040701E /* SimpleCalculator.app */ = {isa = PBXFileReference; explicitFileType = wrapper.application; includeInIndex = 0; path = SimpleCalculator.app; sourceTree = BUILT_PRODUCTS_DIR; };
		4EA581FE2580F88D0040701E /* AppDelegate.swift */ = {isa = PBXFileReference; lastKnownFileType = sourcecode.swift; path = AppDelegate.swift; sourceTree = "<group>"; };
		4EA582002580F88D0040701E /* SceneDelegate.swift */ = {isa = PBXFileReference; lastKnownFileType = sourcecode.swift; path = SceneDelegate.swift; sourceTree = "<group>"; };
		4EA582022580F88D0040701E /* ViewController.swift */ = {isa = PBXFileReference; lastKnownFileType = sourcecode.swift; path = ViewController.swift; sourceTree = "<group>"; };
		4EA582052580F88D0040701E /* Base */ = {isa = PBXFileReference; lastKnownFileType = file.storyboard; name = Base; path = Base.lproj/Main.storyboard; sourceTree = "<group>"; };
		4EA582072580F8940040701E /* Assets.xcassets */ = {isa = PBXFileReference; lastKnownFileType = folder.assetcatalog; path = Assets.xcassets; sourceTree = "<group>"; };
		4EA5820A2580F8940040701E /* Base */ = {isa = PBXFileReference; lastKnownFileType = file.storyboard; name = Base; path = Base.lproj/LaunchScreen.storyboard; sourceTree = "<group>"; };
		4EA5820C2580F8940040701E /* Info.plist */ = {isa = PBXFileReference; lastKnownFileType = text.plist.xml; path = Info.plist; sourceTree = "<group>"; };
		4EA582112580F8940040701E /* SimpleCalculatorTests.xctest */ = {isa = PBXFileReference; explicitFileType = wrapper.cfbundle; includeInIndex = 0; path = SimpleCalculatorTests.xctest; sourceTree = BUILT_PRODUCTS_DIR; };
		4EA582152580F8940040701E /* SimpleCalculatorTests.swift */ = {isa = PBXFileReference; lastKnownFileType = sourcecode.swift; path = SimpleCalculatorTests.swift; sourceTree = "<group>"; };
		4EA582172580F8940040701E /* Info.plist */ = {isa = PBXFileReference; lastKnownFileType = text.plist.xml; path = Info.plist; sourceTree = "<group>"; };
		4EA5821C2580F8940040701E /* SimpleCalculatorUITests.xctest */ = {isa = PBXFileReference; explicitFileType = wrapper.cfbundle; includeInIndex = 0; path = SimpleCalculatorUITests.xctest; sourceTree = BUILT_PRODUCTS_DIR; };
		4EA582202580F8950040701E /* SimpleCalculatorUITests.swift */ = {isa = PBXFileReference; lastKnownFileType = sourcecode.swift; path = SimpleCalculatorUITests.swift; sourceTree = "<group>"; };
		4EA582222580F8950040701E /* Info.plist */ = {isa = PBXFileReference; lastKnownFileType = text.plist.xml; path = Info.plist; sourceTree = "<group>"; };
		4EE273EE2599EF0D0056C3B3 /* calculatorBrain.swift */ = {isa = PBXFileReference; lastKnownFileType = sourcecode.swift; path = calculatorBrain.swift; sourceTree = "<group>"; };
/* End PBXFileReference section */

/* Begin PBXFrameworksBuildPhase section */
		4EA581F82580F88D0040701E /* Frameworks */ = {
			isa = PBXFrameworksBuildPhase;
			buildActionMask = 2147483647;
			files = (
			);
			runOnlyForDeploymentPostprocessing = 0;
		};
		4EA5820E2580F8940040701E /* Frameworks */ = {
			isa = PBXFrameworksBuildPhase;
			buildActionMask = 2147483647;
			files = (
			);
			runOnlyForDeploymentPostprocessing = 0;
		};
		4EA582192580F8940040701E /* Frameworks */ = {
			isa = PBXFrameworksBuildPhase;
			buildActionMask = 2147483647;
			files = (
			);
			runOnlyForDeploymentPostprocessing = 0;
		};
/* End PBXFrameworksBuildPhase section */

/* Begin PBXGroup section */
		4EA581F22580F88D0040701E = {
			isa = PBXGroup;
			children = (
				4EA581FD2580F88D0040701E /* SimpleCalculator */,
				4EA582142580F8940040701E /* SimpleCalculatorTests */,
				4EA5821F2580F8950040701E /* SimpleCalculatorUITests */,
				4EA581FC2580F88D0040701E /* Products */,
			);
			sourceTree = "<group>";
		};
		4EA581FC2580F88D0040701E /* Products */ = {
			isa = PBXGroup;
			children = (
				4EA581FB2580F88D0040701E /* SimpleCalculator.app */,
				4EA582112580F8940040701E /* SimpleCalculatorTests.xctest */,
				4EA5821C2580F8940040701E /* SimpleCalculatorUITests.xctest */,
			);
			name = Products;
			sourceTree = "<group>";
		};
		4EA581FD2580F88D0040701E /* SimpleCalculator */ = {
			isa = PBXGroup;
			children = (
				4EE273F8259A21050056C3B3 /* Controller */,
				4EE273F7259A20F70056C3B3 /* View */,
				4EE273F6259A20E70056C3B3 /* Model */,
				4EA581FE2580F88D0040701E /* AppDelegate.swift */,
				4EA582002580F88D0040701E /* SceneDelegate.swift */,
				4EA582072580F8940040701E /* Assets.xcassets */,
				4EA582092580F8940040701E /* LaunchScreen.storyboard */,
				4EA5820C2580F8940040701E /* Info.plist */,
			);
			path = SimpleCalculator;
			sourceTree = "<group>";
		};
		4EA582142580F8940040701E /* SimpleCalculatorTests */ = {
			isa = PBXGroup;
			children = (
				4EA582152580F8940040701E /* SimpleCalculatorTests.swift */,
				4EA582172580F8940040701E /* Info.plist */,
			);
			path = SimpleCalculatorTests;
			sourceTree = "<group>";
		};
		4EA5821F2580F8950040701E /* SimpleCalculatorUITests */ = {
			isa = PBXGroup;
			children = (
				4EA582202580F8950040701E /* SimpleCalculatorUITests.swift */,
				4EA582222580F8950040701E /* Info.plist */,
			);
			path = SimpleCalculatorUITests;
			sourceTree = "<group>";
		};
		4EE273F6259A20E70056C3B3 /* Model */ = {
			isa = PBXGroup;
			children = (
				4EE273EE2599EF0D0056C3B3 /* calculatorBrain.swift */,
			);
			path = Model;
			sourceTree = "<group>";
		};
		4EE273F7259A20F70056C3B3 /* View */ = {
			isa = PBXGroup;
			children = (
				4EA582042580F88D0040701E /* Main.storyboard */,
			);
			path = View;
			sourceTree = "<group>";
		};
		4EE273F8259A21050056C3B3 /* Controller */ = {
			isa = PBXGroup;
			children = (
				4EA582022580F88D0040701E /* ViewController.swift */,
			);
			path = Controller;
			sourceTree = "<group>";
		};
/* End PBXGroup section */

/* Begin PBXNativeTarget section */
		4EA581FA2580F88D0040701E /* SimpleCalculator */ = {
			isa = PBXNativeTarget;
			buildConfigurationList = 4EA582252580F8950040701E /* Build configuration list for PBXNativeTarget "SimpleCalculator" */;
			buildPhases = (
				4EA581F72580F88D0040701E /* Sources */,
				4EA581F82580F88D0040701E /* Frameworks */,
				4EA581F92580F88D0040701E /* Resources */,
			);
			buildRules = (
			);
			dependencies = (
			);
			name = SimpleCalculator;
			productName = SimpleCalculator;
			productReference = 4EA581FB2580F88D0040701E /* SimpleCalculator.app */;
			productType = "com.apple.product-type.application";
		};
		4EA582102580F8940040701E /* SimpleCalculatorTests */ = {
			isa = PBXNativeTarget;
			buildConfigurationList = 4EA582282580F8950040701E /* Build configuration list for PBXNativeTarget "SimpleCalculatorTests" */;
			buildPhases = (
				4EA5820D2580F8940040701E /* Sources */,
				4EA5820E2580F8940040701E /* Frameworks */,
				4EA5820F2580F8940040701E /* Resources */,
			);
			buildRules = (
			);
			dependencies = (
				4EA582132580F8940040701E /* PBXTargetDependency */,
			);
			name = SimpleCalculatorTests;
			productName = SimpleCalculatorTests;
			productReference = 4EA582112580F8940040701E /* SimpleCalculatorTests.xctest */;
			productType = "com.apple.product-type.bundle.unit-test";
		};
		4EA5821B2580F8940040701E /* SimpleCalculatorUITests */ = {
			isa = PBXNativeTarget;
			buildConfigurationList = 4EA5822B2580F8950040701E /* Build configuration list for PBXNativeTarget "SimpleCalculatorUITests" */;
			buildPhases = (
				4EA582182580F8940040701E /* Sources */,
				4EA582192580F8940040701E /* Frameworks */,
				4EA5821A2580F8940040701E /* Resources */,
			);
			buildRules = (
			);
			dependencies = (
				4EA5821E2580F8940040701E /* PBXTargetDependency */,
			);
			name = SimpleCalculatorUITests;
			productName = SimpleCalculatorUITests;
			productReference = 4EA5821C2580F8940040701E /* SimpleCalculatorUITests.xctest */;
			productType = "com.apple.product-type.bundle.ui-testing";
		};
/* End PBXNativeTarget section */

/* Begin PBXProject section */
		4EA581F32580F88D0040701E /* Project object */ = {
			isa = PBXProject;
			attributes = {
				LastSwiftUpdateCheck = 1220;
				LastUpgradeCheck = 1220;
				TargetAttributes = {
					4EA581FA2580F88D0040701E = {
						CreatedOnToolsVersion = 12.2;
					};
					4EA582102580F8940040701E = {
						CreatedOnToolsVersion = 12.2;
						TestTargetID = 4EA581FA2580F88D0040701E;
					};
					4EA5821B2580F8940040701E = {
						CreatedOnToolsVersion = 12.2;
						TestTargetID = 4EA581FA2580F88D0040701E;
					};
				};
			};
			buildConfigurationList = 4EA581F62580F88D0040701E /* Build configuration list for PBXProject "SimpleCalculator" */;
			compatibilityVersion = "Xcode 9.3";
			developmentRegion = en;
			hasScannedForEncodings = 0;
			knownRegions = (
				en,
				Base,
			);
			mainGroup = 4EA581F22580F88D0040701E;
			productRefGroup = 4EA581FC2580F88D0040701E /* Products */;
			projectDirPath = "";
			projectRoot = "";
			targets = (
				4EA581FA2580F88D0040701E /* SimpleCalculator */,
				4EA582102580F8940040701E /* SimpleCalculatorTests */,
				4EA5821B2580F8940040701E /* SimpleCalculatorUITests */,
			);
		};
/* End PBXProject section */

/* Begin PBXResourcesBuildPhase section */
		4EA581F92580F88D0040701E /* Resources */ = {
			isa = PBXResourcesBuildPhase;
			buildActionMask = 2147483647;
			files = (
				4EA5820B2580F8940040701E /* LaunchScreen.storyboard in Resources */,
				4EA582082580F8940040701E /* Assets.xcassets in Resources */,
				4EA582062580F88D0040701E /* Main.storyboard in Resources */,
			);
			runOnlyForDeploymentPostprocessing = 0;
		};
		4EA5820F2580F8940040701E /* Resources */ = {
			isa = PBXResourcesBuildPhase;
			buildActionMask = 2147483647;
			files = (
			);
			runOnlyForDeploymentPostprocessing = 0;
		};
		4EA5821A2580F8940040701E /* Resources */ = {
			isa = PBXResourcesBuildPhase;
			buildActionMask = 2147483647;
			files = (
			);
			runOnlyForDeploymentPostprocessing = 0;
		};
/* End PBXResourcesBuildPhase section */

/* Begin PBXSourcesBuildPhase section */
		4EA581F72580F88D0040701E /* Sources */ = {
			isa = PBXSourcesBuildPhase;
			buildActionMask = 2147483647;
			files = (
				4EA582032580F88D0040701E /* ViewController.swift in Sources */,
				4EA581FF2580F88D0040701E /* AppDelegate.swift in Sources */,
				4EE273EF2599EF0D0056C3B3 /* calculatorBrain.swift in Sources */,
				4EA582012580F88D0040701E /* SceneDelegate.swift in Sources */,
			);
			runOnlyForDeploymentPostprocessing = 0;
		};
		4EA5820D2580F8940040701E /* Sources */ = {
			isa = PBXSourcesBuildPhase;
			buildActionMask = 2147483647;
			files = (
				4EA582162580F8940040701E /* SimpleCalculatorTests.swift in Sources */,
			);
			runOnlyForDeploymentPostprocessing = 0;
		};
		4EA582182580F8940040701E /* Sources */ = {
			isa = PBXSourcesBuildPhase;
			buildActionMask = 2147483647;
			files = (
				4EA582212580F8950040701E /* SimpleCalculatorUITests.swift in Sources */,
			);
			runOnlyForDeploymentPostprocessing = 0;
		};
/* End PBXSourcesBuildPhase section */

/* Begin PBXTargetDependency section */
		4EA582132580F8940040701E /* PBXTargetDependency */ = {
			isa = PBXTargetDependency;
			target = 4EA581FA2580F88D0040701E /* SimpleCalculator */;
			targetProxy = 4EA582122580F8940040701E /* PBXContainerItemProxy */;
		};
		4EA5821E2580F8940040701E /* PBXTargetDependency */ = {
			isa = PBXTargetDependency;
			target = 4EA581FA2580F88D0040701E /* SimpleCalculator */;
			targetProxy = 4EA5821D2580F8940040701E /* PBXContainerItemProxy */;
		};
/* End PBXTargetDependency section */

/* Begin PBXVariantGroup section */
		4EA582042580F88D0040701E /* Main.storyboard */ = {
			isa = PBXVariantGroup;
			children = (
				4EA582052580F88D0040701E /* Base */,
			);
			name = Main.storyboard;
			sourceTree = "<group>";
		};
		4EA582092580F8940040701E /* LaunchScreen.storyboard */ = {
			isa = PBXVariantGroup;
			children = (
				4EA5820A2580F8940040701E /* Base */,
			);
			name = LaunchScreen.storyboard;
			sourceTree = "<group>";
		};
/* End PBXVariantGroup section */

/* Begin XCBuildConfiguration section */
		4EA582232580F8950040701E /* Debug */ = {
			isa = XCBuildConfiguration;
			buildSettings = {
				ALWAYS_SEARCH_USER_PATHS = NO;
				CLANG_ANALYZER_NONNULL = YES;
				CLANG_ANALYZER_NUMBER_OBJECT_CONVERSION = YES_AGGRESSIVE;
				CLANG_CXX_LANGUAGE_STANDARD = "gnu++14";
				CLANG_CXX_LIBRARY = "libc++";
				CLANG_ENABLE_MODULES = YES;
				CLANG_ENABLE_OBJC_ARC = YES;
				CLANG_ENABLE_OBJC_WEAK = YES;
				CLANG_WARN_BLOCK_CAPTURE_AUTORELEASING = YES;
				CLANG_WARN_BOOL_CONVERSION = YES;
				CLANG_WARN_COMMA = YES;
				CLANG_WARN_CONSTANT_CONVERSION = YES;
				CLANG_WARN_DEPRECATED_OBJC_IMPLEMENTATIONS = YES;
				CLANG_WARN_DIRECT_OBJC_ISA_USAGE = YES_ERROR;
				CLANG_WARN_DOCUMENTATION_COMMENTS = YES;
				CLANG_WARN_EMPTY_BODY = YES;
				CLANG_WARN_ENUM_CONVERSION = YES;
				CLANG_WARN_INFINITE_RECURSION = YES;
				CLANG_WARN_INT_CONVERSION = YES;
				CLANG_WARN_NON_LITERAL_NULL_CONVERSION = YES;
				CLANG_WARN_OBJC_IMPLICIT_RETAIN_SELF = YES;
				CLANG_WARN_OBJC_LITERAL_CONVERSION = YES;
				CLANG_WARN_OBJC_ROOT_CLASS = YES_ERROR;
				CLANG_WARN_QUOTED_INCLUDE_IN_FRAMEWORK_HEADER = YES;
				CLANG_WARN_RANGE_LOOP_ANALYSIS = YES;
				CLANG_WARN_STRICT_PROTOTYPES = YES;
				CLANG_WARN_SUSPICIOUS_MOVE = YES;
				CLANG_WARN_UNGUARDED_AVAILABILITY = YES_AGGRESSIVE;
				CLANG_WARN_UNREACHABLE_CODE = YES;
				CLANG_WARN__DUPLICATE_METHOD_MATCH = YES;
				COPY_PHASE_STRIP = NO;
				DEBUG_INFORMATION_FORMAT = dwarf;
				ENABLE_STRICT_OBJC_MSGSEND = YES;
				ENABLE_TESTABILITY = YES;
				GCC_C_LANGUAGE_STANDARD = gnu11;
				GCC_DYNAMIC_NO_PIC = NO;
				GCC_NO_COMMON_BLOCKS = YES;
				GCC_OPTIMIZATION_LEVEL = 0;
				GCC_PREPROCESSOR_DEFINITIONS = (
					"DEBUG=1",
					"$(inherited)",
				);
				GCC_WARN_64_TO_32_BIT_CONVERSION = YES;
				GCC_WARN_ABOUT_RETURN_TYPE = YES_ERROR;
				GCC_WARN_UNDECLARED_SELECTOR = YES;
				GCC_WARN_UNINITIALIZED_AUTOS = YES_AGGRESSIVE;
				GCC_WARN_UNUSED_FUNCTION = YES;
				GCC_WARN_UNUSED_VARIABLE = YES;
				IPHONEOS_DEPLOYMENT_TARGET = 14.2;
				MTL_ENABLE_DEBUG_INFO = INCLUDE_SOURCE;
				MTL_FAST_MATH = YES;
				ONLY_ACTIVE_ARCH = YES;
				SDKROOT = iphoneos;
				SWIFT_ACTIVE_COMPILATION_CONDITIONS = DEBUG;
				SWIFT_OPTIMIZATION_LEVEL = "-Onone";
			};
			name = Debug;
		};
		4EA582242580F8950040701E /* Release */ = {
			isa = XCBuildConfiguration;
			buildSettings = {
				ALWAYS_SEARCH_USER_PATHS = NO;
				CLANG_ANALYZER_NONNULL = YES;
				CLANG_ANALYZER_NUMBER_OBJECT_CONVERSION = YES_AGGRESSIVE;
				CLANG_CXX_LANGUAGE_STANDARD = "gnu++14";
				CLANG_CXX_LIBRARY = "libc++";
				CLANG_ENABLE_MODULES = YES;
				CLANG_ENABLE_OBJC_ARC = YES;
				CLANG_ENABLE_OBJC_WEAK = YES;
				CLANG_WARN_BLOCK_CAPTURE_AUTORELEASING = YES;
				CLANG_WARN_BOOL_CONVERSION = YES;
				CLANG_WARN_COMMA = YES;
				CLANG_WARN_CONSTANT_CONVERSION = YES;
				CLANG_WARN_DEPRECATED_OBJC_IMPLEMENTATIONS = YES;
				CLANG_WARN_DIRECT_OBJC_ISA_USAGE = YES_ERROR;
				CLANG_WARN_DOCUMENTATION_COMMENTS = YES;
				CLANG_WARN_EMPTY_BODY = YES;
				CLANG_WARN_ENUM_CONVERSION = YES;
				CLANG_WARN_INFINITE_RECURSION = YES;
				CLANG_WARN_INT_CONVERSION = YES;
				CLANG_WARN_NON_LITERAL_NULL_CONVERSION = YES;
				CLANG_WARN_OBJC_IMPLICIT_RETAIN_SELF = YES;
				CLANG_WARN_OBJC_LITERAL_CONVERSION = YES;
				CLANG_WARN_OBJC_ROOT_CLASS = YES_ERROR;
				CLANG_WARN_QUOTED_INCLUDE_IN_FRAMEWORK_HEADER = YES;
				CLANG_WARN_RANGE_LOOP_ANALYSIS = YES;
				CLANG_WARN_STRICT_PROTOTYPES = YES;
				CLANG_WARN_SUSPICIOUS_MOVE = YES;
				CLANG_WARN_UNGUARDED_AVAILABILITY = YES_AGGRESSIVE;
				CLANG_WARN_UNREACHABLE_CODE = YES;
				CLANG_WARN__DUPLICATE_METHOD_MATCH = YES;
				COPY_PHASE_STRIP = NO;
				DEBUG_INFORMATION_FORMAT = "dwarf-with-dsym";
				ENABLE_NS_ASSERTIONS = NO;
				ENABLE_STRICT_OBJC_MSGSEND = YES;
				GCC_C_LANGUAGE_STANDARD = gnu11;
				GCC_NO_COMMON_BLOCKS = YES;
				GCC_WARN_64_TO_32_BIT_CONVERSION = YES;
				GCC_WARN_ABOUT_RETURN_TYPE = YES_ERROR;
				GCC_WARN_UNDECLARED_SELECTOR = YES;
				GCC_WARN_UNINITIALIZED_AUTOS = YES_AGGRESSIVE;
				GCC_WARN_UNUSED_FUNCTION = YES;
				GCC_WARN_UNUSED_VARIABLE = YES;
				IPHONEOS_DEPLOYMENT_TARGET = 14.2;
				MTL_ENABLE_DEBUG_INFO = NO;
				MTL_FAST_MATH = YES;
				SDKROOT = iphoneos;
				SWIFT_COMPILATION_MODE = wholemodule;
				SWIFT_OPTIMIZATION_LEVEL = "-O";
				VALIDATE_PRODUCT = YES;
			};
			name = Release;
		};
		4EA582262580F8950040701E /* Debug */ = {
			isa = XCBuildConfiguration;
			buildSettings = {
				ASSETCATALOG_COMPILER_APPICON_NAME = AppIcon;
				ASSETCATALOG_COMPILER_GLOBAL_ACCENT_COLOR_NAME = AccentColor;
				CODE_SIGN_STYLE = Automatic;
				DEVELOPMENT_TEAM = V7GM8G5V55;
				INFOPLIST_FILE = SimpleCalculator/Info.plist;
				LD_RUNPATH_SEARCH_PATHS = (
					"$(inherited)",
					"@executable_path/Frameworks",
				);
				PRODUCT_BUNDLE_IDENTIFIER = com.joaovictoripiraja.SimpleCalculator;
				PRODUCT_NAME = "$(TARGET_NAME)";
				SWIFT_VERSION = 5.0;
				TARGETED_DEVICE_FAMILY = "1,2";
			};
			name = Debug;
		};
		4EA582272580F8950040701E /* Release */ = {
			isa = XCBuildConfiguration;
			buildSettings = {
				ASSETCATALOG_COMPILER_APPICON_NAME = AppIcon;
				ASSETCATALOG_COMPILER_GLOBAL_ACCENT_COLOR_NAME = AccentColor;
				CODE_SIGN_STYLE = Automatic;
				DEVELOPMENT_TEAM = V7GM8G5V55;
				INFOPLIST_FILE = SimpleCalculator/Info.plist;
				LD_RUNPATH_SEARCH_PATHS = (
					"$(inherited)",
					"@executable_path/Frameworks",
				);
				PRODUCT_BUNDLE_IDENTIFIER = com.joaovictoripiraja.SimpleCalculator;
				PRODUCT_NAME = "$(TARGET_NAME)";
				SWIFT_VERSION = 5.0;
				TARGETED_DEVICE_FAMILY = "1,2";
			};
			name = Release;
		};
		4EA582292580F8950040701E /* Debug */ = {
			isa = XCBuildConfiguration;
			buildSettings = {
				ALWAYS_EMBED_SWIFT_STANDARD_LIBRARIES = YES;
				BUNDLE_LOADER = "$(TEST_HOST)";
				CODE_SIGN_STYLE = Automatic;
				DEVELOPMENT_TEAM = V7GM8G5V55;
				INFOPLIST_FILE = SimpleCalculatorTests/Info.plist;
				IPHONEOS_DEPLOYMENT_TARGET = 14.2;
				LD_RUNPATH_SEARCH_PATHS = (
					"$(inherited)",
					"@executable_path/Frameworks",
					"@loader_path/Frameworks",
				);
				PRODUCT_BUNDLE_IDENTIFIER = com.joaovictoripiraja.SimpleCalculatorTests;
				PRODUCT_NAME = "$(TARGET_NAME)";
				SWIFT_VERSION = 5.0;
				TARGETED_DEVICE_FAMILY = "1,2";
				TEST_HOST = "$(BUILT_PRODUCTS_DIR)/SimpleCalculator.app/SimpleCalculator";
			};
			name = Debug;
		};
		4EA5822A2580F8950040701E /* Release */ = {
			isa = XCBuildConfiguration;
			buildSettings = {
				ALWAYS_EMBED_SWIFT_STANDARD_LIBRARIES = YES;
				BUNDLE_LOADER = "$(TEST_HOST)";
				CODE_SIGN_STYLE = Automatic;
				DEVELOPMENT_TEAM = V7GM8G5V55;
				INFOPLIST_FILE = SimpleCalculatorTests/Info.plist;
				IPHONEOS_DEPLOYMENT_TARGET = 14.2;
				LD_RUNPATH_SEARCH_PATHS = (
					"$(inherited)",
					"@executable_path/Frameworks",
					"@loader_path/Frameworks",
				);
				PRODUCT_BUNDLE_IDENTIFIER = com.joaovictoripiraja.SimpleCalculatorTests;
				PRODUCT_NAME = "$(TARGET_NAME)";
				SWIFT_VERSION = 5.0;
				TARGETED_DEVICE_FAMILY = "1,2";
				TEST_HOST = "$(BUILT_PRODUCTS_DIR)/SimpleCalculator.app/SimpleCalculator";
			};
			name = Release;
		};
		4EA5822C2580F8950040701E /* Debug */ = {
			isa = XCBuildConfiguration;
			buildSettings = {
				ALWAYS_EMBED_SWIFT_STANDARD_LIBRARIES = YES;
				CODE_SIGN_STYLE = Automatic;
				DEVELOPMENT_TEAM = V7GM8G5V55;
				INFOPLIST_FILE = SimpleCalculatorUITests/Info.plist;
				LD_RUNPATH_SEARCH_PATHS = (
					"$(inherited)",
					"@executable_path/Frameworks",
					"@loader_path/Frameworks",
				);
				PRODUCT_BUNDLE_IDENTIFIER = com.joaovictoripiraja.SimpleCalculatorUITests;
				PRODUCT_NAME = "$(TARGET_NAME)";
				SWIFT_VERSION = 5.0;
				TARGETED_DEVICE_FAMILY = "1,2";
				TEST_TARGET_NAME = SimpleCalculator;
			};
			name = Debug;
		};
		4EA5822D2580F8950040701E /* Release */ = {
			isa = XCBuildConfiguration;
			buildSettings = {
				ALWAYS_EMBED_SWIFT_STANDARD_LIBRARIES = YES;
				CODE_SIGN_STYLE = Automatic;
				DEVELOPMENT_TEAM = V7GM8G5V55;
				INFOPLIST_FILE = SimpleCalculatorUITests/Info.plist;
				LD_RUNPATH_SEARCH_PATHS = (
					"$(inherited)",
					"@executable_path/Frameworks",
					"@loader_path/Frameworks",
				);
				PRODUCT_BUNDLE_IDENTIFIER = com.joaovictoripiraja.SimpleCalculatorUITests;
				PRODUCT_NAME = "$(TARGET_NAME)";
				SWIFT_VERSION = 5.0;
				TARGETED_DEVICE_FAMILY = "1,2";
				TEST_TARGET_NAME = SimpleCalculator;
			};
			name = Release;
		};
/* End XCBuildConfiguration section */

/* Begin XCConfigurationList section */
		4EA581F62580F88D0040701E /* Build configuration list for PBXProject "SimpleCalculator" */ = {
			isa = XCConfigurationList;
			buildConfigurations = (
				4EA582232580F8950040701E /* Debug */,
				4EA582242580F8950040701E /* Release */,
			);
			defaultConfigurationIsVisible = 0;
			defaultConfigurationName = Release;
		};
		4EA582252580F8950040701E /* Build configuration list for PBXNativeTarget "SimpleCalculator" */ = {
			isa = XCConfigurationList;
			buildConfigurations = (
				4EA582262580F8950040701E /* Debug */,
				4EA582272580F8950040701E /* Release */,
			);
			defaultConfigurationIsVisible = 0;
			defaultConfigurationName = Release;
		};
		4EA582282580F8950040701E /* Build configuration list for PBXNativeTarget "SimpleCalculatorTests" */ = {
			isa = XCConfigurationList;
			buildConfigurations = (
				4EA582292580F8950040701E /* Debug */,
				4EA5822A2580F8950040701E /* Release */,
			);
			defaultConfigurationIsVisible = 0;
			defaultConfigurationName = Release;
		};
		4EA5822B2580F8950040701E /* Build configuration list for PBXNativeTarget "SimpleCalculatorUITests" */ = {
			isa = XCConfigurationList;
			buildConfigurations = (
				4EA5822C2580F8950040701E /* Debug */,
				4EA5822D2580F8950040701E /* Release */,
			);
			defaultConfigurationIsVisible = 0;
			defaultConfigurationName = Release;
		};
/* End XCConfigurationList section */
	};
	rootObject = 4EA581F32580F88D0040701E /* Project object */;
}
